<?xml version="1.0" encoding="utf-8"?>
<Project ToolsVersion="4.0" xmlns="http://schemas.microsoft.com/developer/msbuild/2003">
  <ItemGroup>
    <Filter Include="Source Files">
      <UniqueIdentifier>{4FC737F1-C7A5-4376-A066-2A32D752A2FF}</UniqueIdentifier>
      <Extensions>cpp;c;cc;cxx;c++;cppm;ixx;def;odl;idl;hpj;bat;asm;asmx</Extensions>
    </Filter>
    <Filter Include="Header Files">
      <UniqueIdentifier>{93995380-89BD-4b04-88EB-625FBE52EBFB}</UniqueIdentifier>
      <Extensions>h;hh;hpp;hxx;h++;hm;inl;inc;ipp;xsd</Extensions>
    </Filter>
    <Filter Include="Resource Files">
      <UniqueIdentifier>{67DA6AB6-F800-4c08-8B7A-83BB121AAD01}</UniqueIdentifier>
      <Extensions>rc;ico;cur;bmp;dlg;rc2;rct;bin;rgs;gif;jpg;jpeg;jpe;resx;tiff;tif;png;wav;mfcribbon-ms</Extensions>
    </Filter>
    <Filter Include="Source Files\thirdparty">
      <UniqueIdentifier>{61c6ee48-63f2-4041-ba56-5fd95e62078c}</UniqueIdentifier>
    </Filter>
    <Filter Include="Source Files\thirdparty\miniz">
      <UniqueIdentifier>{91efe79b-cc1c-4582-bf8b-0dffbf5e77e4}</UniqueIdentifier>
    </Filter>
    <Filter Include="Source Files\thirdparty\pugixml">
      <UniqueIdentifier>{971a377c-39f5-4176-a979-b0c913e042f4}</UniqueIdentifier>
    </Filter>
    <Filter Include="Source Files\thirdparty\xxhash">
      <UniqueIdentifier>{6445e737-86cf-431c-a193-cd0c9d85a732}</UniqueIdentifier>
    </Filter>
    <Filter Include="Header Files\miniz">
      <UniqueIdentifier>{4b7a4ce7-8bc4-4c4b-b73d-a122892c00bc}</UniqueIdentifier>
    </Filter>
  </ItemGroup>
  <ItemGroup>
    <ClInclude Include="include\gme.h">
      <Filter>Header Files</Filter>
    </ClInclude>
    <ClInclude Include="include\gme_conf.h">
      <Filter>Header Files</Filter>
    </ClInclude>
    <ClInclude Include="include\gme_dlg_about.h">
      <Filter>Header Files</Filter>
    </ClInclude>
    <ClInclude Include="include\gme_dlg_debug.h">
      <Filter>Header Files</Filter>
    </ClInclude>
    <ClInclude Include="include\gme_dlg_game.h">
      <Filter>Header Files</Filter>
    </ClInclude>
    <ClInclude Include="include\gme_dlg_main.h">
      <Filter>Header Files</Filter>
    </ClInclude>
    <ClInclude Include="include\gme_dlg_mods.h">
      <Filter>Header Files</Filter>
    </ClInclude>
    <ClInclude Include="include\gme_dlg_prof.h">
      <Filter>Header Files</Filter>
    </ClInclude>
    <ClInclude Include="include\gme_dlg_repo.h">
      <Filter>Header Files</Filter>
    </ClInclude>
    <ClInclude Include="include\gme_dlg_snap.h">
      <Filter>Header Files</Filter>
    </ClInclude>
    <ClInclude Include="include\gme_game.h">
      <Filter>Header Files</Filter>
    </ClInclude>
    <ClInclude Include="include\gme_logs.h">
      <Filter>Header Files</Filter>
    </ClInclude>
    <ClInclude Include="include\gme_mods.h">
      <Filter>Header Files</Filter>
    </ClInclude>
    <ClInclude Include="include\gme_netw.h">
      <Filter>Header Files</Filter>
    </ClInclude>
    <ClInclude Include="include\gme_prof.h">
      <Filter>Header Files</Filter>
    </ClInclude>
    <ClInclude Include="include\gme_repo.h">
      <Filter>Header Files</Filter>
    </ClInclude>
    <ClInclude Include="include\gme_snap.h">
      <Filter>Header Files</Filter>
    </ClInclude>
    <ClInclude Include="include\gme_tools.h">
      <Filter>Header Files</Filter>
    </ClInclude>
    <ClInclude Include="include\gme_uins.h">
      <Filter>Header Files</Filter>
    </ClInclude>
    <ClInclude Include="include\gmenode.h">
      <Filter>Header Files</Filter>
    </ClInclude>
    <ClInclude Include="resource.h">
      <Filter>Header Files</Filter>
    </ClInclude>
    <ClInclude Include="include\thirdparty\miniz\miniz.h">
      <Filter>Header Files\miniz</Filter>
    </ClInclude>
  </ItemGroup>
  <ItemGroup>
    <ClCompile Include="src\gme.cpp">
      <Filter>Source Files</Filter>
    </ClCompile>
    <ClCompile Include="src\gme_conf.cpp">
      <Filter>Source Files</Filter>
    </ClCompile>
    <ClCompile Include="src\gme_dlg_about.cpp">
      <Filter>Source Files</Filter>
    </ClCompile>
    <ClCompile Include="src\gme_dlg_debug.cpp">
      <Filter>Source Files</Filter>
    </ClCompile>
    <ClCompile Include="src\gme_dlg_game.cpp">
      <Filter>Source Files</Filter>
    </ClCompile>
    <ClCompile Include="src\gme_dlg_main.cpp">
      <Filter>Source Files</Filter>
    </ClCompile>
    <ClCompile Include="src\gme_dlg_mods.cpp">
      <Filter>Source Files</Filter>
    </ClCompile>
    <ClCompile Include="src\gme_dlg_prof.cpp">
      <Filter>Source Files</Filter>
    </ClCompile>
    <ClCompile Include="src\gme_dlg_repo.cpp">
      <Filter>Source Files</Filter>
    </ClCompile>
    <ClCompile Include="src\gme_dlg_snap.cpp">
      <Filter>Source Files</Filter>
    </ClCompile>
    <ClCompile Include="src\gme_game.cpp">
      <Filter>Source Files</Filter>
    </ClCompile>
    <ClCompile Include="src\gme_logs.cpp">
      <Filter>Source Files</Filter>
    </ClCompile>
    <ClCompile Include="src\gme_mods.cpp">
      <Filter>Source Files</Filter>
    </ClCompile>
    <ClCompile Include="src\gme_netw.cpp">
      <Filter>Source Files</Filter>
    </ClCompile>
    <ClCompile Include="src\gme_prof.cpp">
      <Filter>Source Files</Filter>
    </ClCompile>
    <ClCompile Include="src\gme_repo.cpp">
      <Filter>Source Files</Filter>
    </ClCompile>
    <ClCompile Include="src\gme_snap.cpp">
      <Filter>Source Files</Filter>
    </ClCompile>
    <ClCompile Include="src\gme_tools.cpp">
      <Filter>Source Files</Filter>
    </ClCompile>
    <ClCompile Include="src\gme_uins.cpp">
      <Filter>Source Files</Filter>
    </ClCompile>
    <ClCompile Include="src\gmenode.cpp">
      <Filter>Source Files</Filter>
    </ClCompile>
    <ClCompile Include="src\thirdparty\miniz\miniz.c">
      <Filter>Source Files\thirdparty\miniz</Filter>
    </ClCompile>
    <ClCompile Include="src\thirdparty\pugixml\pugixml.cpp">
      <Filter>Source Files\thirdparty\pugixml</Filter>
    </ClCompile>
    <ClCompile Include="src\thirdparty\xxhash\xxhash.c">
      <Filter>Source Files\thirdparty\xxhash</Filter>
    </ClCompile>
    <ClCompile Include="main.cpp">
      <Filter>Source Files</Filter>
    </ClCompile>
  </ItemGroup>
  <ItemGroup>
    <ResourceCompile Include="resource.rc">
      <Filter>Resource Files</Filter>
    </ResourceCompile>
  </ItemGroup>
</Project>